{
  "name": "skate-kbm",
  "version": "0.1.4",
  "lockfileVersion": 3,
  "requires": true,
  "packages": {
    "": {
      "name": "skate-kbm",
      "version": "0.1.4",
      "license": "MIT",
      "os": [
        "win32"
      ],
      "cpu": [
        "x64"
      ],
      "bin": {
        "skate-kbm": "bin/skate-kbm.js"
      },
      "engines": {
        "node": ">=20"
      }
    }
  }
}
